<?xml version="1.0" encoding="UTF-8" standalone="yes" ?>
<CodeBlocks_project_file>
	<FileVersion major="1" minor="6" />
	<Project>
		<Option title="osd_maker" />
		<Option pch_mode="2" />
		<Option compiler="gcc" />
		<Build>
			<Target title="Debug">
				<Option output="bin/Debug/osd_maker" prefix_auto="1" extension_auto="1" />
				<Option object_output="obj/Debug/" />
				<Option type="1" />
				<Option compiler="gcc" />
				<Compiler>
					<Add option="-g" />
				</Compiler>
			</Target>
			<Target title="Release">
				<Option output="bin/Release/osd_maker" prefix_auto="1" extension_auto="1" />
				<Option object_output="obj/Release/" />
				<Option type="1" />
				<Option compiler="gcc" />
				<Compiler>
					<Add option="-O2" />
				</Compiler>
				<Linker>
					<Add option="-s" />
				</Linker>
			</Target>
		</Build>
		<Compiler>
			<Add option="-Wall" />
		</Compiler>
		<Unit filename="../../lib/quan-trunk_lib/quan_matters/src/uav/osd/sim_graphics_api.cpp" />
		<Unit filename="Makefile" />
		<Unit filename="document.cpp" />
		<Unit filename="document.hpp" />
		<Unit filename="document/mcm_file.cpp" />
		<Unit filename="document/open_project.cpp" />
		<Unit filename="document/osd_object_database.cpp" />
		<Unit filename="document/osd_object_database.hpp" />
		<Unit filename="dummy.txt">
			<Option target="&lt;{~None~}&gt;" />
		</Unit>
		<Unit filename="graphics_api/objects/db_bitmap.cpp" />
		<Unit filename="graphics_api/objects/db_bitmap.hpp" />
		<Unit filename="graphics_api/objects/db_font.cpp" />
		<Unit filename="graphics_api/objects/db_font.hpp" />
		<Unit filename="graphics_api/objects/osd_device.cpp" />
		<Unit filename="graphics_api/osd_device.hpp" />
		<Unit filename="gui/font_preview.cpp" />
		<Unit filename="gui/font_preview.hpp" />
		<Unit filename="gui/font_preview/grid_cell_bmp_renderer.cpp" />
		<Unit filename="gui/font_preview/grid_cell_bmp_renderer.hpp" />
		<Unit filename="gui/main_frame.cpp" />
		<Unit filename="gui/main_frame.hpp" />
		<Unit filename="gui/main_frame_splitter.cpp" />
		<Unit filename="gui/main_frame_splitter.hpp" />
		<Unit filename="gui/panel.cpp" />
		<Unit filename="gui/panel.hpp" />
		<Unit filename="gui/panel_splitter.cpp" />
		<Unit filename="gui/panel_splitter.hpp" />
		<Unit filename="gui/project_tree.cpp" />
		<Unit filename="gui/project_tree.hpp" />
		<Unit filename="gui/view.cpp" />
		<Unit filename="gui/view.hpp" />
		<Unit filename="gui/view/drawing.cpp" />
		<Unit filename="gui/view/drawing.hpp" />
		<Unit filename="gui/view/paint_layout_view.cpp" />
		<Unit filename="osd_bmp_app.cpp" />
		<Unit filename="osd_bmp_app.hpp" />
		<Extensions>
			<code_completion>
				<search_path add="C:\cpp\lib\quan-trunk_lib" />
				<search_path add="C:\cpp\wxWidgets-3.0.0\include" />
			</code_completion>
			<envvars />
			<debugger />
			<lib_finder disable_auto="1" />
			<DoxyBlocks>
				<comment_style block="0" line="0" />
				<doxyfile_project />
				<doxyfile_build />
				<doxyfile_warnings />
				<doxyfile_output />
				<doxyfile_dot />
				<general />
			</DoxyBlocks>
		</Extensions>
	</Project>
</CodeBlocks_project_file>
